
Microsoft Visual Studio Solution File, Format Version 12.00
# Visual Studio 15
VisualStudioVersion = 15.0.28010.2046
MinimumVisualStudioVersion = 10.0.40219.1
Project("{FAE04EC0-301F-11D3-BF4B-00C04F79EFBC}") = "Havana", "Havana\Havana.csproj", "{20E6C41C-29FB-4779-9EBB-C4F7CBD144CB}"
EndProject
Project("{FAE04EC0-301F-11D3-BF4B-00C04F79EFBC}") = "HavanaDAL", "..\HavanaDAL\HavanaDAL\HavanaDAL.csproj", "{7EB1F896-F414-46A1-9A3C-8A3F3F3F95D4}"
EndProject
Global
	GlobalSection(SolutionConfigurationPlatforms) = preSolution
		Debug|Any CPU = Debug|Any CPU
		Release|Any CPU = Release|Any CPU
	EndGlobalSection
	GlobalSection(ProjectConfigurationPlatforms) = postSolution
		{20E6C41C-29FB-4779-9EBB-C4F7CBD144CB}.Debug|Any CPU.ActiveCfg = Debug|Any CPU
		{20E6C41C-29FB-4779-9EBB-C4F7CBD144CB}.Debug|Any CPU.Build.0 = Debug|Any CPU
		{20E6C41C-29FB-4779-9EBB-C4F7CBD144CB}.Release|Any CPU.ActiveCfg = Release|Any CPU
		{20E6C41C-29FB-4779-9EBB-C4F7CBD144CB}.Release|Any CPU.Build.0 = Release|Any CPU
		{7EB1F896-F414-46A1-9A3C-8A3F3F3F95D4}.Debug|Any CPU.ActiveCfg = Debug|Any CPU
		{7EB1F896-F414-46A1-9A3C-8A3F3F3F95D4}.Debug|Any CPU.Build.0 = Debug|Any CPU
		{7EB1F896-F414-46A1-9A3C-8A3F3F3F95D4}.Release|Any CPU.ActiveCfg = Release|Any CPU
		{7EB1F896-F414-46A1-9A3C-8A3F3F3F95D4}.Release|Any CPU.Build.0 = Release|Any CPU
	EndGlobalSection
	GlobalSection(SolutionProperties) = preSolution
		HideSolutionNode = FALSE
	EndGlobalSection
	GlobalSection(ExtensibilityGlobals) = postSolution
		SolutionGuid = {9E3DBF99-E755-4C7C-8D74-853D8078A497}
	EndGlobalSection
EndGlobal
