
Microsoft Visual Studio Solution File, Format Version 12.00
# Visual Studio 15
VisualStudioVersion = 15.0.28010.2046
MinimumVisualStudioVersion = 10.0.40219.1
Project("{FAE04EC0-301F-11D3-BF4B-00C04F79EFBC}") = "E-Book Shoppy", "E-Book Shoppy\E-Book Shoppy.csproj", "{9526E84F-B942-4DD4-9A22-635D1868E8E7}"
EndProject
Global
	GlobalSection(SolutionConfigurationPlatforms) = preSolution
		Debug|Any CPU = Debug|Any CPU
		Release|Any CPU = Release|Any CPU
	EndGlobalSection
	GlobalSection(ProjectConfigurationPlatforms) = postSolution
		{9526E84F-B942-4DD4-9A22-635D1868E8E7}.Debug|Any CPU.ActiveCfg = Debug|Any CPU
		{9526E84F-B942-4DD4-9A22-635D1868E8E7}.Debug|Any CPU.Build.0 = Debug|Any CPU
		{9526E84F-B942-4DD4-9A22-635D1868E8E7}.Release|Any CPU.ActiveCfg = Release|Any CPU
		{9526E84F-B942-4DD4-9A22-635D1868E8E7}.Release|Any CPU.Build.0 = Release|Any CPU
	EndGlobalSection
	GlobalSection(SolutionProperties) = preSolution
		HideSolutionNode = FALSE
	EndGlobalSection
	GlobalSection(ExtensibilityGlobals) = postSolution
		SolutionGuid = {E14BF9F6-3409-45F5-9BF3-424B1EF94F93}
	EndGlobalSection
EndGlobal
